// !$*UTF8*$!
{
	archiveVersion = 1;
	classes = {
	};
	objectVersion = 50;
	objects = {

/* Begin PBXBuildFile section */
		971F9B472284415B00DCC849 /* TableViewController.swift in Sources */ = {isa = PBXBuildFile; fileRef = 971F9B462284415B00DCC849 /* TableViewController.swift */; };
		971F9B492284419200DCC849 /* TableViewCell.swift in Sources */ = {isa = PBXBuildFile; fileRef = 971F9B482284419200DCC849 /* TableViewCell.swift */; };
		97C033F82284397A00713A4E /* AppDelegate.swift in Sources */ = {isa = PBXBuildFile; fileRef = 97C033F72284397A00713A4E /* AppDelegate.swift */; };
		97C033FA2284397A00713A4E /* ViewController.swift in Sources */ = {isa = PBXBuildFile; fileRef = 97C033F92284397A00713A4E /* ViewController.swift */; };
		97C033FD2284397A00713A4E /* Main.storyboard in Resources */ = {isa = PBXBuildFile; fileRef = 97C033FB2284397A00713A4E /* Main.storyboard */; };
		97C034002284397A00713A4E /* CoreDataAddFixDeleted.xcdatamodeld in Sources */ = {isa = PBXBuildFile; fileRef = 97C033FE2284397A00713A4E /* CoreDataAddFixDeleted.xcdatamodeld */; };
		97C034022284397B00713A4E /* Assets.xcassets in Resources */ = {isa = PBXBuildFile; fileRef = 97C034012284397B00713A4E /* Assets.xcassets */; };
		97C034052284397B00713A4E /* LaunchScreen.storyboard in Resources */ = {isa = PBXBuildFile; fileRef = 97C034032284397B00713A4E /* LaunchScreen.storyboard */; };
/* End PBXBuildFile section */

/* Begin PBXFileReference section */
		971F9B462284415B00DCC849 /* TableViewController.swift */ = {isa = PBXFileReference; lastKnownFileType = sourcecode.swift; path = TableViewController.swift; sourceTree = "<group>"; };
		971F9B482284419200DCC849 /* TableViewCell.swift */ = {isa = PBXFileReference; lastKnownFileType = sourcecode.swift; path = TableViewCell.swift; sourceTree = "<group>"; };
		97C033F42284397A00713A4E /* CoreDataAddFixDeleted.app */ = {isa = PBXFileReference; explicitFileType = wrapper.application; includeInIndex = 0; path = CoreDataAddFixDeleted.app; sourceTree = BUILT_PRODUCTS_DIR; };
		97C033F72284397A00713A4E /* AppDelegate.swift */ = {isa = PBXFileReference; lastKnownFileType = sourcecode.swift; path = AppDelegate.swift; sourceTree = "<group>"; };
		97C033F92284397A00713A4E /* ViewController.swift */ = {isa = PBXFileReference; lastKnownFileType = sourcecode.swift; path = ViewController.swift; sourceTree = "<group>"; };
		97C033FC2284397A00713A4E /* Base */ = {isa = PBXFileReference; lastKnownFileType = file.storyboard; name = Base; path = Base.lproj/Main.storyboard; sourceTree = "<group>"; };
		97C033FF2284397A00713A4E /* CoreDataAddFixDeleted.xcdatamodel */ = {isa = PBXFileReference; lastKnownFileType = wrapper.xcdatamodel; path = CoreDataAddFixDeleted.xcdatamodel; sourceTree = "<group>"; };
		97C034012284397B00713A4E /* Assets.xcassets */ = {isa = PBXFileReference; lastKnownFileType = folder.assetcatalog; path = Assets.xcassets; sourceTree = "<group>"; };
		97C034042284397B00713A4E /* Base */ = {isa = PBXFileReference; lastKnownFileType = file.storyboard; name = Base; path = Base.lproj/LaunchScreen.storyboard; sourceTree = "<group>"; };
		97C034062284397B00713A4E /* Info.plist */ = {isa = PBXFileReference; lastKnownFileType = text.plist.xml; path = Info.plist; sourceTree = "<group>"; };
/* End PBXFileReference section */

/* Begin PBXFrameworksBuildPhase section */
		97C033F12284397A00713A4E /* Frameworks */ = {
			isa = PBXFrameworksBuildPhase;
			buildActionMask = 2147483647;
			files = (
			);
			runOnlyForDeploymentPostprocessing = 0;
		};
/* End PBXFrameworksBuildPhase section */

/* Begin PBXGroup section */
		97C033EB2284397A00713A4E = {
			isa = PBXGroup;
			children = (
				97C033F62284397A00713A4E /* CoreDataAddFixDeleted */,
				97C033F52284397A00713A4E /* Products */,
			);
			sourceTree = "<group>";
		};
		97C033F52284397A00713A4E /* Products */ = {
			isa = PBXGroup;
			children = (
				97C033F42284397A00713A4E /* CoreDataAddFixDeleted.app */,
			);
			name = Products;
			sourceTree = "<group>";
		};
		97C033F62284397A00713A4E /* CoreDataAddFixDeleted */ = {
			isa = PBXGroup;
			children = (
				97C033F72284397A00713A4E /* AppDelegate.swift */,
				97C033F92284397A00713A4E /* ViewController.swift */,
				971F9B462284415B00DCC849 /* TableViewController.swift */,
				971F9B482284419200DCC849 /* TableViewCell.swift */,
				97C033FB2284397A00713A4E /* Main.storyboard */,
				97C034012284397B00713A4E /* Assets.xcassets */,
				97C034032284397B00713A4E /* LaunchScreen.storyboard */,
				97C034062284397B00713A4E /* Info.plist */,
				97C033FE2284397A00713A4E /* CoreDataAddFixDeleted.xcdatamodeld */,
			);
			path = CoreDataAddFixDeleted;
			sourceTree = "<group>";
		};
/* End PBXGroup section */

/* Begin PBXNativeTarget section */
		97C033F32284397A00713A4E /* CoreDataAddFixDeleted */ = {
			isa = PBXNativeTarget;
			buildConfigurationList = 97C034092284397B00713A4E /* Build configuration list for PBXNativeTarget "CoreDataAddFixDeleted" */;
			buildPhases = (
				97C033F02284397A00713A4E /* Sources */,
				97C033F12284397A00713A4E /* Frameworks */,
				97C033F22284397A00713A4E /* Resources */,
			);
			buildRules = (
			);
			dependencies = (
			);
			name = CoreDataAddFixDeleted;
			productName = CoreDataAddFixDeleted;
			productReference = 97C033F42284397A00713A4E /* CoreDataAddFixDeleted.app */;
			productType = "com.apple.product-type.application";
		};
/* End PBXNativeTarget section */

/* Begin PBXProject section */
		97C033EC2284397A00713A4E /* Project object */ = {
			isa = PBXProject;
			attributes = {
				LastSwiftUpdateCheck = 1000;
				LastUpgradeCheck = 1000;
				ORGANIZATIONNAME = Vu;
				TargetAttributes = {
					97C033F32284397A00713A4E = {
						CreatedOnToolsVersion = 10.0;
					};
				};
			};
			buildConfigurationList = 97C033EF2284397A00713A4E /* Build configuration list for PBXProject "CoreDataAddFixDeleted" */;
			compatibilityVersion = "Xcode 9.3";
			developmentRegion = en;
			hasScannedForEncodings = 0;
			knownRegions = (
				en,
				Base,
			);
			mainGroup = 97C033EB2284397A00713A4E;
			productRefGroup = 97C033F52284397A00713A4E /* Products */;
			projectDirPath = "";
			projectRoot = "";
			targets = (
				97C033F32284397A00713A4E /* CoreDataAddFixDeleted */,
			);
		};
/* End PBXProject section */

/* Begin PBXResourcesBuildPhase section */
		97C033F22284397A00713A4E /* Resources */ = {
			isa = PBXResourcesBuildPhase;
			buildActionMask = 2147483647;
			files = (
				97C034052284397B00713A4E /* LaunchScreen.storyboard in Resources */,
				97C034022284397B00713A4E /* Assets.xcassets in Resources */,
				97C033FD2284397A00713A4E /* Main.storyboard in Resources */,
			);
			runOnlyForDeploymentPostprocessing = 0;
		};
/* End PBXResourcesBuildPhase section */

/* Begin PBXSourcesBuildPhase section */
		97C033F02284397A00713A4E /* Sources */ = {
			isa = PBXSourcesBuildPhase;
			buildActionMask = 2147483647;
			files = (
				971F9B492284419200DCC849 /* TableViewCell.swift in Sources */,
				97C034002284397A00713A4E /* CoreDataAddFixDeleted.xcdatamodeld in Sources */,
				97C033FA2284397A00713A4E /* ViewController.swift in Sources */,
				97C033F82284397A00713A4E /* AppDelegate.swift in Sources */,
				971F9B472284415B00DCC849 /* TableViewController.swift in Sources */,
			);
			runOnlyForDeploymentPostprocessing = 0;
		};
/* End PBXSourcesBuildPhase section */

/* Begin PBXVariantGroup section */
		97C033FB2284397A00713A4E /* Main.storyboard */ = {
			isa = PBXVariantGroup;
			children = (
				97C033FC2284397A00713A4E /* Base */,
			);
			name = Main.storyboard;
			sourceTree = "<group>";
		};
		97C034032284397B00713A4E /* LaunchScreen.storyboard */ = {
			isa = PBXVariantGroup;
			children = (
				97C034042284397B00713A4E /* Base */,
			);
			name = LaunchScreen.storyboard;
			sourceTree = "<group>";
		};
/* End PBXVariantGroup section */

/* Begin XCBuildConfiguration section */
		97C034072284397B00713A4E /* Debug */ = {
			isa = XCBuildConfiguration;
			buildSettings = {
				ALWAYS_SEARCH_USER_PATHS = NO;
				CLANG_ANALYZER_NONNULL = YES;
				CLANG_ANALYZER_NUMBER_OBJECT_CONVERSION = YES_AGGRESSIVE;
				CLANG_CXX_LANGUAGE_STANDARD = "gnu++14";
				CLANG_CXX_LIBRARY = "libc++";
				CLANG_ENABLE_MODULES = YES;
				CLANG_ENABLE_OBJC_ARC = YES;
				CLANG_ENABLE_OBJC_WEAK = YES;
				CLANG_WARN_BLOCK_CAPTURE_AUTORELEASING = YES;
				CLANG_WARN_BOOL_CONVERSION = YES;
				CLANG_WARN_COMMA = YES;
				CLANG_WARN_CONSTANT_CONVERSION = YES;
				CLANG_WARN_DEPRECATED_OBJC_IMPLEMENTATIONS = YES;
				CLANG_WARN_DIRECT_OBJC_ISA_USAGE = YES_ERROR;
				CLANG_WARN_DOCUMENTATION_COMMENTS = YES;
				CLANG_WARN_EMPTY_BODY = YES;
				CLANG_WARN_ENUM_CONVERSION = YES;
				CLANG_WARN_INFINITE_RECURSION = YES;
				CLANG_WARN_INT_CONVERSION = YES;
				CLANG_WARN_NON_LITERAL_NULL_CONVERSION = YES;
				CLANG_WARN_OBJC_IMPLICIT_RETAIN_SELF = YES;
				CLANG_WARN_OBJC_LITERAL_CONVERSION = YES;
				CLANG_WARN_OBJC_ROOT_CLASS = YES_ERROR;
				CLANG_WARN_RANGE_LOOP_ANALYSIS = YES;
				CLANG_WARN_STRICT_PROTOTYPES = YES;
				CLANG_WARN_SUSPICIOUS_MOVE = YES;
				CLANG_WARN_UNGUARDED_AVAILABILITY = YES_AGGRESSIVE;
				CLANG_WARN_UNREACHABLE_CODE = YES;
				CLANG_WARN__DUPLICATE_METHOD_MATCH = YES;
				CODE_SIGN_IDENTITY = "iPhone Developer";
				COPY_PHASE_STRIP = NO;
				DEBUG_INFORMATION_FORMAT = dwarf;
				ENABLE_STRICT_OBJC_MSGSEND = YES;
				ENABLE_TESTABILITY = YES;
				GCC_C_LANGUAGE_STANDARD = gnu11;
				GCC_DYNAMIC_NO_PIC = NO;
				GCC_NO_COMMON_BLOCKS = YES;
				GCC_OPTIMIZATION_LEVEL = 0;
				GCC_PREPROCESSOR_DEFINITIONS = (
					"DEBUG=1",
					"$(inherited)",
				);
				GCC_WARN_64_TO_32_BIT_CONVERSION = YES;
				GCC_WARN_ABOUT_RETURN_TYPE = YES_ERROR;
				GCC_WARN_UNDECLARED_SELECTOR = YES;
				GCC_WARN_UNINITIALIZED_AUTOS = YES_AGGRESSIVE;
				GCC_WARN_UNUSED_FUNCTION = YES;
				GCC_WARN_UNUSED_VARIABLE = YES;
				IPHONEOS_DEPLOYMENT_TARGET = 12.0;
				MTL_ENABLE_DEBUG_INFO = INCLUDE_SOURCE;
				MTL_FAST_MATH = YES;
				ONLY_ACTIVE_ARCH = YES;
				SDKROOT = iphoneos;
				SWIFT_ACTIVE_COMPILATION_CONDITIONS = DEBUG;
				SWIFT_OPTIMIZATION_LEVEL = "-Onone";
			};
			name = Debug;
		};
		97C034082284397B00713A4E /* Release */ = {
			isa = XCBuildConfiguration;
			buildSettings = {
				ALWAYS_SEARCH_USER_PATHS = NO;
				CLANG_ANALYZER_NONNULL = YES;
				CLANG_ANALYZER_NUMBER_OBJECT_CONVERSION = YES_AGGRESSIVE;
				CLANG_CXX_LANGUAGE_STANDARD = "gnu++14";
				CLANG_CXX_LIBRARY = "libc++";
				CLANG_ENABLE_MODULES = YES;
				CLANG_ENABLE_OBJC_ARC = YES;
				CLANG_ENABLE_OBJC_WEAK = YES;
				CLANG_WARN_BLOCK_CAPTURE_AUTORELEASING = YES;
				CLANG_WARN_BOOL_CONVERSION = YES;
				CLANG_WARN_COMMA = YES;
				CLANG_WARN_CONSTANT_CONVERSION = YES;
				CLANG_WARN_DEPRECATED_OBJC_IMPLEMENTATIONS = YES;
				CLANG_WARN_DIRECT_OBJC_ISA_USAGE = YES_ERROR;
				CLANG_WARN_DOCUMENTATION_COMMENTS = YES;
				CLANG_WARN_EMPTY_BODY = YES;
				CLANG_WARN_ENUM_CONVERSION = YES;
				CLANG_WARN_INFINITE_RECURSION = YES;
				CLANG_WARN_INT_CONVERSION = YES;
				CLANG_WARN_NON_LITERAL_NULL_CONVERSION = YES;
				CLANG_WARN_OBJC_IMPLICIT_RETAIN_SELF = YES;
				CLANG_WARN_OBJC_LITERAL_CONVERSION = YES;
				CLANG_WARN_OBJC_ROOT_CLASS = YES_ERROR;
				CLANG_WARN_RANGE_LOOP_ANALYSIS = YES;
				CLANG_WARN_STRICT_PROTOTYPES = YES;
				CLANG_WARN_SUSPICIOUS_MOVE = YES;
				CLANG_WARN_UNGUARDED_AVAILABILITY = YES_AGGRESSIVE;
				CLANG_WARN_UNREACHABLE_CODE = YES;
				CLANG_WARN__DUPLICATE_METHOD_MATCH = YES;
				CODE_SIGN_IDENTITY = "iPhone Developer";
				COPY_PHASE_STRIP = NO;
				DEBUG_INFORMATION_FORMAT = "dwarf-with-dsym";
				ENABLE_NS_ASSERTIONS = NO;
				ENABLE_STRICT_OBJC_MSGSEND = YES;
				GCC_C_LANGUAGE_STANDARD = gnu11;
				GCC_NO_COMMON_BLOCKS = YES;
				GCC_WARN_64_TO_32_BIT_CONVERSION = YES;
				GCC_WARN_ABOUT_RETURN_TYPE = YES_ERROR;
				GCC_WARN_UNDECLARED_SELECTOR = YES;
				GCC_WARN_UNINITIALIZED_AUTOS = YES_AGGRESSIVE;
				GCC_WARN_UNUSED_FUNCTION = YES;
				GCC_WARN_UNUSED_VARIABLE = YES;
				IPHONEOS_DEPLOYMENT_TARGET = 12.0;
				MTL_ENABLE_DEBUG_INFO = NO;
				MTL_FAST_MATH = YES;
				SDKROOT = iphoneos;
				SWIFT_COMPILATION_MODE = wholemodule;
				SWIFT_OPTIMIZATION_LEVEL = "-O";
				VALIDATE_PRODUCT = YES;
			};
			name = Release;
		};
		97C0340A2284397B00713A4E /* Debug */ = {
			isa = XCBuildConfiguration;
			buildSettings = {
				ASSETCATALOG_COMPILER_APPICON_NAME = AppIcon;
				CODE_SIGN_STYLE = Automatic;
				INFOPLIST_FILE = CoreDataAddFixDeleted/Info.plist;
				LD_RUNPATH_SEARCH_PATHS = (
					"$(inherited)",
					"@executable_path/Frameworks",
				);
				PRODUCT_BUNDLE_IDENTIFIER = "-.CoreDataAddFixDeleted";
				PRODUCT_NAME = "$(TARGET_NAME)";
				SWIFT_VERSION = 4.2;
				TARGETED_DEVICE_FAMILY = "1,2";
			};
			name = Debug;
		};
		97C0340B2284397B00713A4E /* Release */ = {
			isa = XCBuildConfiguration;
			buildSettings = {
				ASSETCATALOG_COMPILER_APPICON_NAME = AppIcon;
				CODE_SIGN_STYLE = Automatic;
				INFOPLIST_FILE = CoreDataAddFixDeleted/Info.plist;
				LD_RUNPATH_SEARCH_PATHS = (
					"$(inherited)",
					"@executable_path/Frameworks",
				);
				PRODUCT_BUNDLE_IDENTIFIER = "-.CoreDataAddFixDeleted";
				PRODUCT_NAME = "$(TARGET_NAME)";
				SWIFT_VERSION = 4.2;
				TARGETED_DEVICE_FAMILY = "1,2";
			};
			name = Release;
		};
/* End XCBuildConfiguration section */

/* Begin XCConfigurationList section */
		97C033EF2284397A00713A4E /* Build configuration list for PBXProject "CoreDataAddFixDeleted" */ = {
			isa = XCConfigurationList;
			buildConfigurations = (
				97C034072284397B00713A4E /* Debug */,
				97C034082284397B00713A4E /* Release */,
			);
			defaultConfigurationIsVisible = 0;
			defaultConfigurationName = Release;
		};
		97C034092284397B00713A4E /* Build configuration list for PBXNativeTarget "CoreDataAddFixDeleted" */ = {
			isa = XCConfigurationList;
			buildConfigurations = (
				97C0340A2284397B00713A4E /* Debug */,
				97C0340B2284397B00713A4E /* Release */,
			);
			defaultConfigurationIsVisible = 0;
			defaultConfigurationName = Release;
		};
/* End XCConfigurationList section */

/* Begin XCVersionGroup section */
		97C033FE2284397A00713A4E /* CoreDataAddFixDeleted.xcdatamodeld */ = {
			isa = XCVersionGroup;
			children = (
				97C033FF2284397A00713A4E /* CoreDataAddFixDeleted.xcdatamodel */,
			);
			currentVersion = 97C033FF2284397A00713A4E /* CoreDataAddFixDeleted.xcdatamodel */;
			path = CoreDataAddFixDeleted.xcdatamodeld;
			sourceTree = "<group>";
			versionGroupType = wrapper.xcdatamodel;
		};
/* End XCVersionGroup section */
	};
	rootObject = 97C033EC2284397A00713A4E /* Project object */;
}
